
Microsoft Visual Studio Solution File, Format Version 12.00
# Visual Studio Version 17
VisualStudioVersion = 17.7.34024.191
MinimumVisualStudioVersion = 10.0.40219.1
Project("{FAE04EC0-301F-11D3-BF4B-00C04F79EFBC}") = "ReflectiveLoad", "ReflectiveLoad\ReflectiveLoad.csproj", "{D834F14C-0D8F-4798-9620-E25A550C39CF}"
EndProject
Global
	GlobalSection(SolutionConfigurationPlatforms) = preSolution
		Debug|Any CPU = Debug|Any CPU
		Debug|x64 = Debug|x64
		Release|Any CPU = Release|Any CPU
		Release|x64 = Release|x64
	EndGlobalSection
	GlobalSection(ProjectConfigurationPlatforms) = postSolution
		{D834F14C-0D8F-4798-9620-E25A550C39CF}.Debug|Any CPU.ActiveCfg = Debug|Any CPU
		{D834F14C-0D8F-4798-9620-E25A550C39CF}.Debug|Any CPU.Build.0 = Debug|Any CPU
		{D834F14C-0D8F-4798-9620-E25A550C39CF}.Debug|x64.ActiveCfg = Debug|x64
		{D834F14C-0D8F-4798-9620-E25A550C39CF}.Debug|x64.Build.0 = Debug|x64
		{D834F14C-0D8F-4798-9620-E25A550C39CF}.Release|Any CPU.ActiveCfg = Release|Any CPU
		{D834F14C-0D8F-4798-9620-E25A550C39CF}.Release|Any CPU.Build.0 = Release|Any CPU
		{D834F14C-0D8F-4798-9620-E25A550C39CF}.Release|x64.ActiveCfg = Release|x64
		{D834F14C-0D8F-4798-9620-E25A550C39CF}.Release|x64.Build.0 = Release|x64
	EndGlobalSection
	GlobalSection(SolutionProperties) = preSolution
		HideSolutionNode = FALSE
	EndGlobalSection
	GlobalSection(ExtensibilityGlobals) = postSolution
		SolutionGuid = {E518802F-1BEA-484C-8BB5-45A323F906C9}
	EndGlobalSection
EndGlobal
