
Microsoft Visual Studio Solution File, Format Version 12.00
# Visual Studio Version 17
VisualStudioVersion = 17.7.34024.191
MinimumVisualStudioVersion = 10.0.40219.1
Project("{FAE04EC0-301F-11D3-BF4B-00C04F79EFBC}") = "ProcessHollowV2", "ProcessHollowV2\ProcessHollowV2.csproj", "{08D5C04B-1FA4-4F0A-922B-653BD148807F}"
EndProject
Global
	GlobalSection(SolutionConfigurationPlatforms) = preSolution
		Debug|Any CPU = Debug|Any CPU
		Debug|x64 = Debug|x64
		Release|Any CPU = Release|Any CPU
		Release|x64 = Release|x64
	EndGlobalSection
	GlobalSection(ProjectConfigurationPlatforms) = postSolution
		{08D5C04B-1FA4-4F0A-922B-653BD148807F}.Debug|Any CPU.ActiveCfg = Debug|Any CPU
		{08D5C04B-1FA4-4F0A-922B-653BD148807F}.Debug|Any CPU.Build.0 = Debug|Any CPU
		{08D5C04B-1FA4-4F0A-922B-653BD148807F}.Debug|x64.ActiveCfg = Debug|x64
		{08D5C04B-1FA4-4F0A-922B-653BD148807F}.Debug|x64.Build.0 = Debug|x64
		{08D5C04B-1FA4-4F0A-922B-653BD148807F}.Release|Any CPU.ActiveCfg = Release|Any CPU
		{08D5C04B-1FA4-4F0A-922B-653BD148807F}.Release|Any CPU.Build.0 = Release|Any CPU
		{08D5C04B-1FA4-4F0A-922B-653BD148807F}.Release|x64.ActiveCfg = Release|x64
		{08D5C04B-1FA4-4F0A-922B-653BD148807F}.Release|x64.Build.0 = Release|x64
	EndGlobalSection
	GlobalSection(SolutionProperties) = preSolution
		HideSolutionNode = FALSE
	EndGlobalSection
	GlobalSection(ExtensibilityGlobals) = postSolution
		SolutionGuid = {9E1CA738-A19E-47B9-9C7F-DB332379CF92}
	EndGlobalSection
EndGlobal
